// !$*UTF8*$!
{
	archiveVersion = 1;
	classes = {
	};
	objectVersion = 46;
	objects = {

/* Begin PBXBuildFile section */
		1B1477BD1CCDFD2200D2AA95 /* AppDelegate.swift in Sources */ = {isa = PBXBuildFile; fileRef = 1B1477BC1CCDFD2200D2AA95 /* AppDelegate.swift */; };
		1B1477BF1CCDFD2200D2AA95 /* ViewController.swift in Sources */ = {isa = PBXBuildFile; fileRef = 1B1477BE1CCDFD2200D2AA95 /* ViewController.swift */; };
		1B1477C21CCDFD2200D2AA95 /* Main.storyboard in Resources */ = {isa = PBXBuildFile; fileRef = 1B1477C01CCDFD2200D2AA95 /* Main.storyboard */; };
		1B1477C41CCDFD2200D2AA95 /* Assets.xcassets in Resources */ = {isa = PBXBuildFile; fileRef = 1B1477C31CCDFD2200D2AA95 /* Assets.xcassets */; };
		1B1477C71CCDFD2200D2AA95 /* LaunchScreen.storyboard in Resources */ = {isa = PBXBuildFile; fileRef = 1B1477C51CCDFD2200D2AA95 /* LaunchScreen.storyboard */; };
/* End PBXBuildFile section */

/* Begin PBXFileReference section */
		1B1477B91CCDFD2200D2AA95 /* ImagePlay.app */ = {isa = PBXFileReference; explicitFileType = wrapper.application; includeInIndex = 0; path = ImagePlay.app; sourceTree = BUILT_PRODUCTS_DIR; };
		1B1477BC1CCDFD2200D2AA95 /* AppDelegate.swift */ = {isa = PBXFileReference; lastKnownFileType = sourcecode.swift; path = AppDelegate.swift; sourceTree = "<group>"; };
		1B1477BE1CCDFD2200D2AA95 /* ViewController.swift */ = {isa = PBXFileReference; lastKnownFileType = sourcecode.swift; path = ViewController.swift; sourceTree = "<group>"; };
		1B1477C11CCDFD2200D2AA95 /* Base */ = {isa = PBXFileReference; lastKnownFileType = file.storyboard; name = Base; path = Base.lproj/Main.storyboard; sourceTree = "<group>"; };
		1B1477C31CCDFD2200D2AA95 /* Assets.xcassets */ = {isa = PBXFileReference; lastKnownFileType = folder.assetcatalog; path = Assets.xcassets; sourceTree = "<group>"; };
		1B1477C61CCDFD2200D2AA95 /* Base */ = {isa = PBXFileReference; lastKnownFileType = file.storyboard; name = Base; path = Base.lproj/LaunchScreen.storyboard; sourceTree = "<group>"; };
		1B1477C81CCDFD2200D2AA95 /* Info.plist */ = {isa = PBXFileReference; lastKnownFileType = text.plist.xml; path = Info.plist; sourceTree = "<group>"; };
/* End PBXFileReference section */

/* Begin PBXFrameworksBuildPhase section */
		1B1477B61CCDFD2200D2AA95 /* Frameworks */ = {
			isa = PBXFrameworksBuildPhase;
			buildActionMask = 2147483647;
			files = (
			);
			runOnlyForDeploymentPostprocessing = 0;
		};
/* End PBXFrameworksBuildPhase section */

/* Begin PBXGroup section */
		1B1477B01CCDFD2200D2AA95 = {
			isa = PBXGroup;
			children = (
				1B1477BB1CCDFD2200D2AA95 /* ImagePlay */,
				1B1477BA1CCDFD2200D2AA95 /* Products */,
			);
			sourceTree = "<group>";
		};
		1B1477BA1CCDFD2200D2AA95 /* Products */ = {
			isa = PBXGroup;
			children = (
				1B1477B91CCDFD2200D2AA95 /* ImagePlay.app */,
			);
			name = Products;
			sourceTree = "<group>";
		};
		1B1477BB1CCDFD2200D2AA95 /* ImagePlay */ = {
			isa = PBXGroup;
			children = (
				1B1477BC1CCDFD2200D2AA95 /* AppDelegate.swift */,
				1B1477BE1CCDFD2200D2AA95 /* ViewController.swift */,
				1B1477C01CCDFD2200D2AA95 /* Main.storyboard */,
				1B1477C31CCDFD2200D2AA95 /* Assets.xcassets */,
				1B1477C51CCDFD2200D2AA95 /* LaunchScreen.storyboard */,
				1B1477C81CCDFD2200D2AA95 /* Info.plist */,
			);
			path = ImagePlay;
			sourceTree = "<group>";
		};
/* End PBXGroup section */

/* Begin PBXNativeTarget section */
		1B1477B81CCDFD2200D2AA95 /* ImagePlay */ = {
			isa = PBXNativeTarget;
			buildConfigurationList = 1B1477CB1CCDFD2200D2AA95 /* Build configuration list for PBXNativeTarget "ImagePlay" */;
			buildPhases = (
				1B1477B51CCDFD2200D2AA95 /* Sources */,
				1B1477B61CCDFD2200D2AA95 /* Frameworks */,
				1B1477B71CCDFD2200D2AA95 /* Resources */,
			);
			buildRules = (
			);
			dependencies = (
			);
			name = ImagePlay;
			productName = ImagePlay;
			productReference = 1B1477B91CCDFD2200D2AA95 /* ImagePlay.app */;
			productType = "com.apple.product-type.application";
		};
/* End PBXNativeTarget section */

/* Begin PBXProject section */
		1B1477B11CCDFD2200D2AA95 /* Project object */ = {
			isa = PBXProject;
			attributes = {
				LastSwiftUpdateCheck = 0730;
				LastUpgradeCheck = 0730;
				ORGANIZATIONNAME = haha;
				TargetAttributes = {
					1B1477B81CCDFD2200D2AA95 = {
						CreatedOnToolsVersion = 7.3;
						DevelopmentTeam = T4C552G94Q;
					};
				};
			};
			buildConfigurationList = 1B1477B41CCDFD2200D2AA95 /* Build configuration list for PBXProject "ImagePlay" */;
			compatibilityVersion = "Xcode 3.2";
			developmentRegion = English;
			hasScannedForEncodings = 0;
			knownRegions = (
				en,
				Base,
			);
			mainGroup = 1B1477B01CCDFD2200D2AA95;
			productRefGroup = 1B1477BA1CCDFD2200D2AA95 /* Products */;
			projectDirPath = "";
			projectRoot = "";
			targets = (
				1B1477B81CCDFD2200D2AA95 /* ImagePlay */,
			);
		};
/* End PBXProject section */

/* Begin PBXResourcesBuildPhase section */
		1B1477B71CCDFD2200D2AA95 /* Resources */ = {
			isa = PBXResourcesBuildPhase;
			buildActionMask = 2147483647;
			files = (
				1B1477C71CCDFD2200D2AA95 /* LaunchScreen.storyboard in Resources */,
				1B1477C41CCDFD2200D2AA95 /* Assets.xcassets in Resources */,
				1B1477C21CCDFD2200D2AA95 /* Main.storyboard in Resources */,
			);
			runOnlyForDeploymentPostprocessing = 0;
		};
/* End PBXResourcesBuildPhase section */

/* Begin PBXSourcesBuildPhase section */
		1B1477B51CCDFD2200D2AA95 /* Sources */ = {
			isa = PBXSourcesBuildPhase;
			buildActionMask = 2147483647;
			files = (
				1B1477BF1CCDFD2200D2AA95 /* ViewController.swift in Sources */,
				1B1477BD1CCDFD2200D2AA95 /* AppDelegate.swift in Sources */,
			);
			runOnlyForDeploymentPostprocessing = 0;
		};
/* End PBXSourcesBuildPhase section */

/* Begin PBXVariantGroup section */
		1B1477C01CCDFD2200D2AA95 /* Main.storyboard */ = {
			isa = PBXVariantGroup;
			children = (
				1B1477C11CCDFD2200D2AA95 /* Base */,
			);
			name = Main.storyboard;
			sourceTree = "<group>";
		};
		1B1477C51CCDFD2200D2AA95 /* LaunchScreen.storyboard */ = {
			isa = PBXVariantGroup;
			children = (
				1B1477C61CCDFD2200D2AA95 /* Base */,
			);
			name = LaunchScreen.storyboard;
			sourceTree = "<group>";
		};
/* End PBXVariantGroup section */

/* Begin XCBuildConfiguration section */
		1B1477C91CCDFD2200D2AA95 /* Debug */ = {
			isa = XCBuildConfiguration;
			buildSettings = {
				ALWAYS_SEARCH_USER_PATHS = NO;
				CLANG_ANALYZER_NONNULL = YES;
				CLANG_CXX_LANGUAGE_STANDARD = "gnu++0x";
				CLANG_CXX_LIBRARY = "libc++";
				CLANG_ENABLE_MODULES = YES;
				CLANG_ENABLE_OBJC_ARC = YES;
				CLANG_WARN_BOOL_CONVERSION = YES;
				CLANG_WARN_CONSTANT_CONVERSION = YES;
				CLANG_WARN_DIRECT_OBJC_ISA_USAGE = YES_ERROR;
				CLANG_WARN_EMPTY_BODY = YES;
				CLANG_WARN_ENUM_CONVERSION = YES;
				CLANG_WARN_INT_CONVERSION = YES;
				CLANG_WARN_OBJC_ROOT_CLASS = YES_ERROR;
				CLANG_WARN_UNREACHABLE_CODE = YES;
				CLANG_WARN__DUPLICATE_METHOD_MATCH = YES;
				"CODE_SIGN_IDENTITY[sdk=iphoneos*]" = "iPhone Developer";
				COPY_PHASE_STRIP = NO;
				DEBUG_INFORMATION_FORMAT = dwarf;
				ENABLE_STRICT_OBJC_MSGSEND = YES;
				ENABLE_TESTABILITY = YES;
				GCC_C_LANGUAGE_STANDARD = gnu99;
				GCC_DYNAMIC_NO_PIC = NO;
				GCC_NO_COMMON_BLOCKS = YES;
				GCC_OPTIMIZATION_LEVEL = 0;
				GCC_PREPROCESSOR_DEFINITIONS = (
					"DEBUG=1",
					"$(inherited)",
				);
				GCC_WARN_64_TO_32_BIT_CONVERSION = YES;
				GCC_WARN_ABOUT_RETURN_TYPE = YES_ERROR;
				GCC_WARN_UNDECLARED_SELECTOR = YES;
				GCC_WARN_UNINITIALIZED_AUTOS = YES_AGGRESSIVE;
				GCC_WARN_UNUSED_FUNCTION = YES;
				GCC_WARN_UNUSED_VARIABLE = YES;
				IPHONEOS_DEPLOYMENT_TARGET = 9.3;
				MTL_ENABLE_DEBUG_INFO = YES;
				ONLY_ACTIVE_ARCH = YES;
				SDKROOT = iphoneos;
				SWIFT_OPTIMIZATION_LEVEL = "-Onone";
				TARGETED_DEVICE_FAMILY = "1,2";
			};
			name = Debug;
		};
		1B1477CA1CCDFD2200D2AA95 /* Release */ = {
			isa = XCBuildConfiguration;
			buildSettings = {
				ALWAYS_SEARCH_USER_PATHS = NO;
				CLANG_ANALYZER_NONNULL = YES;
				CLANG_CXX_LANGUAGE_STANDARD = "gnu++0x";
				CLANG_CXX_LIBRARY = "libc++";
				CLANG_ENABLE_MODULES = YES;
				CLANG_ENABLE_OBJC_ARC = YES;
				CLANG_WARN_BOOL_CONVERSION = YES;
				CLANG_WARN_CONSTANT_CONVERSION = YES;
				CLANG_WARN_DIRECT_OBJC_ISA_USAGE = YES_ERROR;
				CLANG_WARN_EMPTY_BODY = YES;
				CLANG_WARN_ENUM_CONVERSION = YES;
				CLANG_WARN_INT_CONVERSION = YES;
				CLANG_WARN_OBJC_ROOT_CLASS = YES_ERROR;
				CLANG_WARN_UNREACHABLE_CODE = YES;
				CLANG_WARN__DUPLICATE_METHOD_MATCH = YES;
				"CODE_SIGN_IDENTITY[sdk=iphoneos*]" = "iPhone Developer";
				COPY_PHASE_STRIP = NO;
				DEBUG_INFORMATION_FORMAT = "dwarf-with-dsym";
				ENABLE_NS_ASSERTIONS = NO;
				ENABLE_STRICT_OBJC_MSGSEND = YES;
				GCC_C_LANGUAGE_STANDARD = gnu99;
				GCC_NO_COMMON_BLOCKS = YES;
				GCC_WARN_64_TO_32_BIT_CONVERSION = YES;
				GCC_WARN_ABOUT_RETURN_TYPE = YES_ERROR;
				GCC_WARN_UNDECLARED_SELECTOR = YES;
				GCC_WARN_UNINITIALIZED_AUTOS = YES_AGGRESSIVE;
				GCC_WARN_UNUSED_FUNCTION = YES;
				GCC_WARN_UNUSED_VARIABLE = YES;
				IPHONEOS_DEPLOYMENT_TARGET = 9.3;
				MTL_ENABLE_DEBUG_INFO = NO;
				SDKROOT = iphoneos;
				TARGETED_DEVICE_FAMILY = "1,2";
				VALIDATE_PRODUCT = YES;
			};
			name = Release;
		};
		1B1477CC1CCDFD2200D2AA95 /* Debug */ = {
			isa = XCBuildConfiguration;
			buildSettings = {
				ASSETCATALOG_COMPILER_APPICON_NAME = AppIcon;
				INFOPLIST_FILE = ImagePlay/Info.plist;
				LD_RUNPATH_SEARCH_PATHS = "$(inherited) @executable_path/Frameworks";
				PRODUCT_BUNDLE_IDENTIFIER = hh.ImagePlay;
				PRODUCT_NAME = "$(TARGET_NAME)";
			};
			name = Debug;
		};
		1B1477CD1CCDFD2200D2AA95 /* Release */ = {
			isa = XCBuildConfiguration;
			buildSettings = {
				ASSETCATALOG_COMPILER_APPICON_NAME = AppIcon;
				INFOPLIST_FILE = ImagePlay/Info.plist;
				LD_RUNPATH_SEARCH_PATHS = "$(inherited) @executable_path/Frameworks";
				PRODUCT_BUNDLE_IDENTIFIER = hh.ImagePlay;
				PRODUCT_NAME = "$(TARGET_NAME)";
			};
			name = Release;
		};
/* End XCBuildConfiguration section */

/* Begin XCConfigurationList section */
		1B1477B41CCDFD2200D2AA95 /* Build configuration list for PBXProject "ImagePlay" */ = {
			isa = XCConfigurationList;
			buildConfigurations = (
				1B1477C91CCDFD2200D2AA95 /* Debug */,
				1B1477CA1CCDFD2200D2AA95 /* Release */,
			);
			defaultConfigurationIsVisible = 0;
			defaultConfigurationName = Release;
		};
		1B1477CB1CCDFD2200D2AA95 /* Build configuration list for PBXNativeTarget "ImagePlay" */ = {
			isa = XCConfigurationList;
			buildConfigurations = (
				1B1477CC1CCDFD2200D2AA95 /* Debug */,
				1B1477CD1CCDFD2200D2AA95 /* Release */,
			);
			defaultConfigurationIsVisible = 0;
		};
/* End XCConfigurationList section */
	};
	rootObject = 1B1477B11CCDFD2200D2AA95 /* Project object */;
}
